
Microsoft Visual Studio Solution File, Format Version 12.00
# Visual Studio Version 16
VisualStudioVersion = 16.0.29025.244
MinimumVisualStudioVersion = 10.0.40219.1
Project("{FAE04EC0-301F-11D3-BF4B-00C04F79EFBC}") = "OopCSharp", "OopCSharp\OopCSharp.csproj", "{48DFCF31-BFE2-4B63-AE76-B925DDFBDB72}"
EndProject
Project("{FAE04EC0-301F-11D3-BF4B-00C04F79EFBC}") = "Range", "Range\Range.csproj", "{98AF9F5C-FBC9-4332-86C8-3C8F881EB9AF}"
EndProject
Project("{FAE04EC0-301F-11D3-BF4B-00C04F79EFBC}") = "Shapes", "Shapes\Shapes.csproj", "{C8C31290-99B1-4E3E-9E18-595A963D822C}"
EndProject
Project("{FAE04EC0-301F-11D3-BF4B-00C04F79EFBC}") = "Vectors", "Vectors\Vectors.csproj", "{F5CB8148-F6CA-4799-85FF-C35A083BE6AD}"
EndProject
Project("{FAE04EC0-301F-11D3-BF4B-00C04F79EFBC}") = "Matrices", "Matrices\Matrices.csproj", "{509E97AB-D088-4459-8FA4-0F624DC770FE}"
EndProject
Project("{FAE04EC0-301F-11D3-BF4B-00C04F79EFBC}") = "ArrayListHome", "ArrayListHome\ArrayListHome.csproj", "{909B982D-34C6-4E2D-980D-C0E4CD097D50}"
EndProject
Project("{FAE04EC0-301F-11D3-BF4B-00C04F79EFBC}") = "List", "List\List.csproj", "{CF55DC6C-0255-455F-A6CA-ABC35C10024D}"
EndProject
Project("{FAE04EC0-301F-11D3-BF4B-00C04F79EFBC}") = "ArrayList", "ArrayList\ArrayList.csproj", "{49415B89-4E20-4C7E-9BE5-AB8A4A8CD0A6}"
EndProject
Project("{FAE04EC0-301F-11D3-BF4B-00C04F79EFBC}") = "MyHashTable", "MyHashTable\MyHashTable.csproj", "{0E00AF89-764F-4D58-BB41-4FAFC15B54AB}"
EndProject
Project("{FAE04EC0-301F-11D3-BF4B-00C04F79EFBC}") = "MyTree", "Tree\MyTree.csproj", "{5B9B2ADC-3CC9-4F0D-AD3D-8B4E4DD519A2}"
EndProject
Global
	GlobalSection(SolutionConfigurationPlatforms) = preSolution
		Debug|Any CPU = Debug|Any CPU
		Release|Any CPU = Release|Any CPU
	EndGlobalSection
	GlobalSection(ProjectConfigurationPlatforms) = postSolution
		{48DFCF31-BFE2-4B63-AE76-B925DDFBDB72}.Debug|Any CPU.ActiveCfg = Debug|Any CPU
		{48DFCF31-BFE2-4B63-AE76-B925DDFBDB72}.Debug|Any CPU.Build.0 = Debug|Any CPU
		{48DFCF31-BFE2-4B63-AE76-B925DDFBDB72}.Release|Any CPU.ActiveCfg = Release|Any CPU
		{48DFCF31-BFE2-4B63-AE76-B925DDFBDB72}.Release|Any CPU.Build.0 = Release|Any CPU
		{98AF9F5C-FBC9-4332-86C8-3C8F881EB9AF}.Debug|Any CPU.ActiveCfg = Debug|Any CPU
		{98AF9F5C-FBC9-4332-86C8-3C8F881EB9AF}.Debug|Any CPU.Build.0 = Debug|Any CPU
		{98AF9F5C-FBC9-4332-86C8-3C8F881EB9AF}.Release|Any CPU.ActiveCfg = Release|Any CPU
		{98AF9F5C-FBC9-4332-86C8-3C8F881EB9AF}.Release|Any CPU.Build.0 = Release|Any CPU
		{C8C31290-99B1-4E3E-9E18-595A963D822C}.Debug|Any CPU.ActiveCfg = Debug|Any CPU
		{C8C31290-99B1-4E3E-9E18-595A963D822C}.Debug|Any CPU.Build.0 = Debug|Any CPU
		{C8C31290-99B1-4E3E-9E18-595A963D822C}.Release|Any CPU.ActiveCfg = Release|Any CPU
		{C8C31290-99B1-4E3E-9E18-595A963D822C}.Release|Any CPU.Build.0 = Release|Any CPU
		{F5CB8148-F6CA-4799-85FF-C35A083BE6AD}.Debug|Any CPU.ActiveCfg = Debug|Any CPU
		{F5CB8148-F6CA-4799-85FF-C35A083BE6AD}.Debug|Any CPU.Build.0 = Debug|Any CPU
		{F5CB8148-F6CA-4799-85FF-C35A083BE6AD}.Release|Any CPU.ActiveCfg = Release|Any CPU
		{F5CB8148-F6CA-4799-85FF-C35A083BE6AD}.Release|Any CPU.Build.0 = Release|Any CPU
		{509E97AB-D088-4459-8FA4-0F624DC770FE}.Debug|Any CPU.ActiveCfg = Debug|Any CPU
		{509E97AB-D088-4459-8FA4-0F624DC770FE}.Debug|Any CPU.Build.0 = Debug|Any CPU
		{509E97AB-D088-4459-8FA4-0F624DC770FE}.Release|Any CPU.ActiveCfg = Release|Any CPU
		{509E97AB-D088-4459-8FA4-0F624DC770FE}.Release|Any CPU.Build.0 = Release|Any CPU
		{909B982D-34C6-4E2D-980D-C0E4CD097D50}.Debug|Any CPU.ActiveCfg = Debug|Any CPU
		{909B982D-34C6-4E2D-980D-C0E4CD097D50}.Debug|Any CPU.Build.0 = Debug|Any CPU
		{909B982D-34C6-4E2D-980D-C0E4CD097D50}.Release|Any CPU.ActiveCfg = Release|Any CPU
		{909B982D-34C6-4E2D-980D-C0E4CD097D50}.Release|Any CPU.Build.0 = Release|Any CPU
		{CF55DC6C-0255-455F-A6CA-ABC35C10024D}.Debug|Any CPU.ActiveCfg = Debug|Any CPU
		{CF55DC6C-0255-455F-A6CA-ABC35C10024D}.Debug|Any CPU.Build.0 = Debug|Any CPU
		{CF55DC6C-0255-455F-A6CA-ABC35C10024D}.Release|Any CPU.ActiveCfg = Release|Any CPU
		{CF55DC6C-0255-455F-A6CA-ABC35C10024D}.Release|Any CPU.Build.0 = Release|Any CPU
		{49415B89-4E20-4C7E-9BE5-AB8A4A8CD0A6}.Debug|Any CPU.ActiveCfg = Debug|Any CPU
		{49415B89-4E20-4C7E-9BE5-AB8A4A8CD0A6}.Debug|Any CPU.Build.0 = Debug|Any CPU
		{49415B89-4E20-4C7E-9BE5-AB8A4A8CD0A6}.Release|Any CPU.ActiveCfg = Release|Any CPU
		{49415B89-4E20-4C7E-9BE5-AB8A4A8CD0A6}.Release|Any CPU.Build.0 = Release|Any CPU
		{0E00AF89-764F-4D58-BB41-4FAFC15B54AB}.Debug|Any CPU.ActiveCfg = Debug|Any CPU
		{0E00AF89-764F-4D58-BB41-4FAFC15B54AB}.Debug|Any CPU.Build.0 = Debug|Any CPU
		{0E00AF89-764F-4D58-BB41-4FAFC15B54AB}.Release|Any CPU.ActiveCfg = Release|Any CPU
		{0E00AF89-764F-4D58-BB41-4FAFC15B54AB}.Release|Any CPU.Build.0 = Release|Any CPU
		{5B9B2ADC-3CC9-4F0D-AD3D-8B4E4DD519A2}.Debug|Any CPU.ActiveCfg = Debug|Any CPU
		{5B9B2ADC-3CC9-4F0D-AD3D-8B4E4DD519A2}.Debug|Any CPU.Build.0 = Debug|Any CPU
		{5B9B2ADC-3CC9-4F0D-AD3D-8B4E4DD519A2}.Release|Any CPU.ActiveCfg = Release|Any CPU
		{5B9B2ADC-3CC9-4F0D-AD3D-8B4E4DD519A2}.Release|Any CPU.Build.0 = Release|Any CPU
	EndGlobalSection
	GlobalSection(SolutionProperties) = preSolution
		HideSolutionNode = FALSE
	EndGlobalSection
	GlobalSection(ExtensibilityGlobals) = postSolution
		SolutionGuid = {76AED6C2-FF1D-4888-8F41-9914663D439C}
	EndGlobalSection
EndGlobal
